# This file is automatically @generated by Cargo.
# It is not intended for manual editing.
version = 3

[[package]]
name = "prom-test"
version = "0.1.0"
dependencies = [
 "prusti-contracts",
]

[[package]]
name = "prusti-contracts"
version = "0.2.0"
source = "registry+https://github.com/rust-lang/crates.io-index"
checksum = "5c6e618695ddeec4c85c216d887ef958f2706c6fbafe824ba39ac260466c3043"
dependencies = [
 "prusti-contracts-proc-macros",
]

[[package]]
name = "prusti-contracts-proc-macros"
version = "0.2.0"
source = "registry+https://github.com/rust-lang/crates.io-index"
checksum = "9f4d18a93d2e7feb85b057978063c3abd0848a63c1b8386046f52e66e796a99e"
